<?xml version="1.0" encoding="UTF-8" standalone="yes" ?>
<CodeBlocks_project_file>
	<FileVersion major="1" minor="6" />
	<Project>
		<Option title="Daphne_Demo" />
		<Option pch_mode="2" />
		<Option compiler="csky" />
		<Build>
			<Target title="Release">
				<Option output="Release\Daphne_Demo" prefix_auto="1" extension_auto="1" />
				<Option object_output="obj\Release\" />
				<Option type="1" />
				<Option compiler="csky" />
				<Compiler>
					<Add option="-mbig-endian -g -O2 -Wall -Werror -ffunction-sections -DJAZZ -DCACHE_ENABLE=1 -DCRT0_STK_SIZE=16384 -DDRV_SEL_AUDIO -DDRV_SEL_AVSYNC -DDRV_SEL_BUFFER -DDRV_SEL_GLOBAL -DDRV_SEL_GPI -DDRV_SEL_GPIO -DDRV_SEL_IRDA -DDRV_SEL_LEDKB -DDRV_SEL_OSD -DDRV_SEL_SUB -DDRV_SEL_VIDEO -DDRV_SEL_SPIC -DDRV_SEL_BPIC -DDRV_SEL_OTP -DDRV_SEL_PTI -DDRV_SEL_SMC -DDRV_SEL_TIMER -DDRV_SEL_UART -DDRV_SEL_WATCHDOG -DDRV_SEL_FLASH" />
					<Add option='-MMD -MP -MF&quot;$object.d&quot; -MT&quot;$object.d&quot;' />
					<Add option="-DCODE_VERSION=0" />
					<Add option="-DMETHODS=1" />
					<Add option="-DMETHOD0=0" />
					<Add option="-DSUPPORT_ENGINE_EX" />
					<Add option="-DOPTIMIZE=METHODS" />
					<Add option="-DCKCORE" />
					<Add option="-DCHIP" />
					<Add option="-DOTA_SUPPORT" />
					<Add option="-DOTA_CHECK_DEFAULT" />
					<Add option="-DSYS_FLASH_4M" />
					<Add option="-DSYS_MEM_32M" />
					<Add option="-DPATULOUS_FUNCTION_CA" />
					<Add option="-DOTA_DM_ON_STATIC_FLASH" />
					<Add option="-DPRINT_ON" />
					<Add directory='&quot;${PROJECT_LOC}\inc&quot;' />
					<Add directory='&quot;${PROJECT_LOC}\inc\mdl\eva&quot;' />
					<Add directory='&quot;${PROJECT_LOC}\inc\ap&quot;' />
					<Add directory='&quot;${PROJECT_LOC}\inc\drv&quot;' />
					<Add directory='&quot;${PROJECT_LOC}\inc\drv\bus&quot;' />
					<Add directory='&quot;${PROJECT_LOC}\inc\drv\drvbase&quot;' />
					<Add directory='&quot;${PROJECT_LOC}\inc\hal&quot;' />
					<Add directory='&quot;${PROJECT_LOC}\inc\hal\arch&quot;' />
					<Add directory='&quot;${PROJECT_LOC}\inc\mdl&quot;' />
					<Add directory='&quot;${PROJECT_LOC}\inc\mdl\mmi&quot;' />
					<Add directory='&quot;${PROJECT_LOC}\inc\mdl\filters&quot;' />
					<Add directory='&quot;${PROJECT_LOC}\inc\os&quot;' />
					<Add directory='&quot;${PROJECT_LOC}\inc\util&quot;' />
					<Add directory='&quot;${PROJECT_LOC}\test\drvtest_code\testframework&quot;' />
					<Add directory='&quot;${SDK_LOC}\inc&quot;' />
					<Add directory='&quot;${SDK_LOC}\inc\mdl\eva&quot;' />
					<Add directory='&quot;${SDK_LOC}\inc\ap&quot;' />
					<Add directory='&quot;${SDK_LOC}\inc\drv&quot;' />
					<Add directory='&quot;${SDK_LOC}\inc\drv\bus&quot;' />
					<Add directory='&quot;${SDK_LOC}\inc\drv\drvbase&quot;' />
					<Add directory='&quot;${SDK_LOC}\inc\hal&quot;' />
					<Add directory='&quot;${SDK_LOC}\inc\hal\arch&quot;' />
					<Add directory='&quot;${SDK_LOC}\inc\mdl&quot;' />
					<Add directory='&quot;${SDK_LOC}\inc\mdl\mmi&quot;' />
					<Add directory='&quot;${SDK_LOC}\inc\mdl\filters&quot;' />
					<Add directory='&quot;${SDK_LOC}\inc\os&quot;' />
					<Add directory='&quot;${SDK_LOC}\inc\util&quot;' />
					<Add directory='&quot;${SDK_LOC}\test\drvtest_code\testframework&quot;' />
					<Add directory='&quot;${SDK_LOC}\src\drv\drvbase&quot;' />
					<Add directory='&quot;${PROJECT_LOC}\prj\dvbc\Daphne_Nongwang&quot;' />
					<Add directory='&quot;${PROJECT_LOC}\prj\dvbc\Daphne_Nongwang\database&quot;' />
					<Add directory='&quot;${PROJECT_LOC}\prj\dvbc\Daphne_Nongwang\memcfg&quot;' />
					<Add directory='&quot;${PROJECT_LOC}\prj\dvbc\Daphne_Nongwang\sysstatus&quot;' />
					<Add directory='&quot;${PROJECT_LOC}\prj\dvbc\Daphne_Nongwang\customer\Demo\Daphne_Demo_tr&quot;' />
					<Add directory='&quot;${PROJECT_LOC}\prj\dvbc\Daphne_Nongwang\ap&quot;' />
					<Add directory='&quot;${PROJECT_LOC}\prj\dvbc\Daphne_Nongwang\inc&quot;' />
					<Add directory='&quot;${PROJECT_LOC}\prj\dvbc\Daphne_Nongwang\ca\tengrui&quot;' />
					<Add directory='&quot;${PROJECT_LOC}\prj\dvbc\Daphne_Nongwang\kware\ext_trcas_src\inc&quot;' />
					<Add directory='&quot;${PROJECT_LOC}\prj\dvbc\Daphne_Nongwang\kware\ext_trcas_src\src&quot;' />
					<Add directory='&quot;${PROJECT_LOC}\src\drv\drvbase&quot;' />
					<Add directory='&quot;${PROJECT_LOC}\prj\dvbc\Daphne_Nongwang\ca\common&quot;' />
					<Add directory='&quot;${PROJECT_LOC}\prj\dvbc\Daphne_Nongwang\ui&quot;' />
					<Add directory='&quot;${PROJECT_LOC}\prj\dvbc\Daphne_Nongwang\ads\noads&quot;' />
					<Add directory='&quot;${PROJECT_LOC}\prj\dvbc\Daphne_Nongwang\ads\trads&quot;' />
				</Compiler>
				<Linker>
					<Add option='--oformat elf32-csky-big -EB --gc-sections  -T&quot;${PROJECT_DIR}Linkcmd.ld&quot; -Map ${PROJECT_DIR}/release/out.map' />
					<Add library="core_canna" />
					<Add library="log_dummy_jazz" />
					<Add library="softfp" />
					<Add library="eva_j" />
					<Add library="c" />
					<Add library="m" />
					<Add library="gcc" />
					<Add library="SnAuth" />
					<Add library="tr_320" />
					<Add library="tr_ads" />
					<Add library="tr_title" />
					<Add directory="${PROJECT_LOC}\lib\jazz" />
					<Add directory="${PROJECT_LOC}\prj\dvbc\Daphne_Nongwang\kware\ext_trcas_src\lib" />
					<Add directory="${SDK_LOC}\lib\jazz" />
				</Linker>
				<ExtraCommands>
					<Add after="sh $(PROJECT_DIR)post_build.sh $(PROJECT_DIR)release\$(PROJECT_NAME).elf LZMA" />
				</ExtraCommands>
				<Environment>
					<Variable name="PROJECT_LOC" value="${PROJECT_DIR}..\..\..\..\..\..\.." />
					<Variable name="start_object" value='&quot;${PROJECT_LOC}\lib\jazz\libmtos.a&quot;' />
					<Variable name="SDK_LOC" value="${PROJECT_DIR}..\..\..\..\..\..\..\..\..\Daphne_SDK_1.0\montage-tech\" />
				</Environment>
			</Target>
		</Build>
		<Unit filename="main.c">
			<Option compilerVar="CC" />
			<Option target="&lt;{~None~}&gt;" />
		</Unit>
		<Unit filename="..\..\..\..\..\..\..\prj\dvbc\Daphne_Nongwang\ads\noads\ads_funtion_public.h" />
		<Unit filename="..\..\..\..\..\..\..\prj\dvbc\Daphne_Nongwang\ads\noads\ads_funtion_public_noads.c">
			<Option compilerVar="CC" />
		</Unit>
		<Unit filename="..\..\..\..\..\..\..\prj\dvbc\Daphne_Nongwang\ads\trads\ads_adapter.h" />
		<Unit filename="..\..\..\..\..\..\..\prj\dvbc\Daphne_Nongwang\ads\trads\ads_funtion_public.h" />
		<Unit filename="..\..\..\..\..\..\..\prj\dvbc\Daphne_Nongwang\ads\trads\ads_ware.h" />
		<Unit filename="..\..\..\..\..\..\..\prj\dvbc\Daphne_Nongwang\ads\trads\ap_pic_play.h" />
		<Unit filename="..\..\..\..\..\..\..\prj\dvbc\Daphne_Nongwang\ads\trads\subt_pic_adapter.h" />
		<Unit filename="..\..\..\..\..\..\..\prj\dvbc\Daphne_Nongwang\ads\trads\subt_pic_ware.h" />
		<Unit filename="..\..\..\..\..\..\..\prj\dvbc\Daphne_Nongwang\ads\trads\tr_api.h" />
		<Unit filename="..\..\..\..\..\..\..\prj\dvbc\Daphne_Nongwang\ads\trads\tr_subt.h" />
		<Unit filename="..\..\..\..\..\..\..\prj\dvbc\Daphne_Nongwang\ads\trads\trdef.h" />
		<Unit filename="..\..\..\..\..\..\..\prj\dvbc\Daphne_Nongwang\ads\trads\ui_ads_display.h" />
		<Unit filename="..\..\..\..\..\..\..\prj\dvbc\Daphne_Nongwang\ads\trads\ui_desktop.h" />
		<Unit filename="..\..\..\..\..\..\..\prj\dvbc\Daphne_Nongwang\ap\ap_cas.c">
			<Option compilerVar="CC" />
		</Unit>
		<Unit filename="..\..\..\..\..\..\..\prj\dvbc\Daphne_Nongwang\ap\ap_cas.h" />
		<Unit filename="..\..\..\..\..\..\..\prj\dvbc\Daphne_Nongwang\ap\ap_cas_impl.c">
			<Option compilerVar="CC" />
		</Unit>
		<Unit filename="..\..\..\..\..\..\..\prj\dvbc\Daphne_Nongwang\ap\ap_channel_init.c">
			<Option compilerVar="CC" />
		</Unit>
		<Unit filename="..\..\..\..\..\..\..\prj\dvbc\Daphne_Nongwang\ap\ap_config.h" />
		<Unit filename="..\..\..\..\..\..\..\prj\dvbc\Daphne_Nongwang\ap\ap_epg_impl4.c">
			<Option compilerVar="CC" />
		</Unit>
		<Unit filename="..\..\..\..\..\..\..\prj\dvbc\Daphne_Nongwang\ap\ap_framework_impl.c">
			<Option compilerVar="CC" />
		</Unit>
		<Unit filename="..\..\..\..\..\..\..\prj\dvbc\Daphne_Nongwang\ap\ap_ota_impl.c">
			<Option compilerVar="CC" />
		</Unit>
		<Unit filename="..\..\..\..\..\..\..\prj\dvbc\Daphne_Nongwang\ap\ap_ota_monitor.c">
			<Option compilerVar="CC" />
		</Unit>
		<Unit filename="..\..\..\..\..\..\..\prj\dvbc\Daphne_Nongwang\ap\ap_ota_monitor.h" />
		<Unit filename="..\..\..\..\..\..\..\prj\dvbc\Daphne_Nongwang\ap\ap_pic_play.c">
			<Option compilerVar="CC" />
		</Unit>
		<Unit filename="..\..\..\..\..\..\..\prj\dvbc\Daphne_Nongwang\ap\ap_pic_play.h" />
		<Unit filename="..\..\..\..\..\..\..\prj\dvbc\Daphne_Nongwang\ap\ap_playback_impl.c">
			<Option compilerVar="CC" />
		</Unit>
		<Unit filename="..\..\..\..\..\..\..\prj\dvbc\Daphne_Nongwang\ap\ap_scan_impl.c">
			<Option compilerVar="CC" />
		</Unit>
		<Unit filename="..\..\..\..\..\..\..\prj\dvbc\Daphne_Nongwang\ap\ap_signal_mon_impl.c">
			<Option compilerVar="CC" />
		</Unit>
		<Unit filename="..\..\..\..\..\..\..\prj\dvbc\Daphne_Nongwang\ap\ap_table_parse.h" />
		<Unit filename="..\..\..\..\..\..\..\prj\dvbc\Daphne_Nongwang\ap\ap_time_impl.c">
			<Option compilerVar="CC" />
		</Unit>
		<Unit filename="..\..\..\..\..\..\..\prj\dvbc\Daphne_Nongwang\ap\ap_tr_subt.h" />
		<Unit filename="..\..\..\..\..\..\..\prj\dvbc\Daphne_Nongwang\ap\ap_uio_impl.c">
			<Option compilerVar="CC" />
		</Unit>
		<Unit filename="..\..\..\..\..\..\..\prj\dvbc\Daphne_Nongwang\ap\ap_upgrade_impl.c">
			<Option compilerVar="CC" />
		</Unit>
		<Unit filename="..\..\..\..\..\..\..\prj\dvbc\Daphne_Nongwang\ap_init.c">
			<Option compilerVar="CC" />
		</Unit>
		<Unit filename="..\..\..\..\..\..\..\prj\dvbc\Daphne_Nongwang\ca\ca_svc.h" />
		<Unit filename="..\..\..\..\..\..\..\prj\dvbc\Daphne_Nongwang\ca\tengrui\config_cas.c">
			<Option compilerVar="CC" />
		</Unit>
		<Unit filename="..\..\..\..\..\..\..\prj\dvbc\Daphne_Nongwang\ca\tengrui\config_cas.h" />
		<Unit filename="..\..\..\..\..\..\..\prj\dvbc\Daphne_Nongwang\ca\tengrui\ui_alert_mess.c">
			<Option compilerVar="CC" />
		</Unit>
		<Unit filename="..\..\..\..\..\..\..\prj\dvbc\Daphne_Nongwang\ca\tengrui\ui_alert_mess.h" />
		<Unit filename="..\..\..\..\..\..\..\prj\dvbc\Daphne_Nongwang\ca\tengrui\ui_auto_feed.c">
			<Option compilerVar="CC" />
		</Unit>
		<Unit filename="..\..\..\..\..\..\..\prj\dvbc\Daphne_Nongwang\ca\tengrui\ui_auto_feed.h" />
		<Unit filename="..\..\..\..\..\..\..\prj\dvbc\Daphne_Nongwang\ca\tengrui\ui_ca_api.c">
			<Option compilerVar="CC" />
		</Unit>
		<Unit filename="..\..\..\..\..\..\..\prj\dvbc\Daphne_Nongwang\ca\tengrui\ui_ca_api.h" />
		<Unit filename="..\..\..\..\..\..\..\prj\dvbc\Daphne_Nongwang\ca\tengrui\ui_ca_ipp.c">
			<Option compilerVar="CC" />
		</Unit>
		<Unit filename="..\..\..\..\..\..\..\prj\dvbc\Daphne_Nongwang\ca\tengrui\ui_ca_ipp.h" />
		<Unit filename="..\..\..\..\..\..\..\prj\dvbc\Daphne_Nongwang\ca\tengrui\ui_ca_notify.c">
			<Option compilerVar="CC" />
		</Unit>
		<Unit filename="..\..\..\..\..\..\..\prj\dvbc\Daphne_Nongwang\ca\tengrui\ui_ca_notify.h" />
		<Unit filename="..\..\..\..\..\..\..\prj\dvbc\Daphne_Nongwang\ca\tengrui\ui_ca_prompt.c">
			<Option compilerVar="CC" />
		</Unit>
		<Unit filename="..\..\..\..\..\..\..\prj\dvbc\Daphne_Nongwang\ca\tengrui\ui_ca_prompt.h" />
		<Unit filename="..\..\..\..\..\..\..\prj\dvbc\Daphne_Nongwang\ca\tengrui\ui_ca_public.c">
			<Option compilerVar="CC" />
		</Unit>
		<Unit filename="..\..\..\..\..\..\..\prj\dvbc\Daphne_Nongwang\ca\tengrui\ui_ca_public.h" />
		<Unit filename="..\..\..\..\..\..\..\prj\dvbc\Daphne_Nongwang\ca\tengrui\ui_conditional_accept.c">
			<Option compilerVar="CC" />
		</Unit>
		<Unit filename="..\..\..\..\..\..\..\prj\dvbc\Daphne_Nongwang\ca\tengrui\ui_conditional_accept.h" />
		<Unit filename="..\..\..\..\..\..\..\prj\dvbc\Daphne_Nongwang\ca\tengrui\ui_conditional_accept_feed.c">
			<Option compilerVar="CC" />
		</Unit>
		<Unit filename="..\..\..\..\..\..\..\prj\dvbc\Daphne_Nongwang\ca\tengrui\ui_conditional_accept_feed.h" />
		<Unit filename="..\..\..\..\..\..\..\prj\dvbc\Daphne_Nongwang\ca\tengrui\ui_conditional_accept_info.c">
			<Option compilerVar="CC" />
		</Unit>
		<Unit filename="..\..\..\..\..\..\..\prj\dvbc\Daphne_Nongwang\ca\tengrui\ui_conditional_accept_info.h" />
		<Unit filename="..\..\..\..\..\..\..\prj\dvbc\Daphne_Nongwang\ca\tengrui\ui_conditional_accept_level.c">
			<Option compilerVar="CC" />
		</Unit>
		<Unit filename="..\..\..\..\..\..\..\prj\dvbc\Daphne_Nongwang\ca\tengrui\ui_conditional_accept_level.h" />
		<Unit filename="..\..\..\..\..\..\..\prj\dvbc\Daphne_Nongwang\ca\tengrui\ui_conditional_accept_pin.c">
			<Option compilerVar="CC" />
		</Unit>
		<Unit filename="..\..\..\..\..\..\..\prj\dvbc\Daphne_Nongwang\ca\tengrui\ui_conditional_accept_pin.h" />
		<Unit filename="..\..\..\..\..\..\..\prj\dvbc\Daphne_Nongwang\ca\tengrui\ui_email_mess.c">
			<Option compilerVar="CC" />
		</Unit>
		<Unit filename="..\..\..\..\..\..\..\prj\dvbc\Daphne_Nongwang\ca\tengrui\ui_email_mess.h" />
		<Unit filename="..\..\..\..\..\..\..\prj\dvbc\Daphne_Nongwang\ca\tengrui\ui_finger_print.c">
			<Option compilerVar="CC" />
		</Unit>
		<Unit filename="..\..\..\..\..\..\..\prj\dvbc\Daphne_Nongwang\ca\tengrui\ui_finger_print.h" />
		<Unit filename="..\..\..\..\..\..\..\prj\dvbc\Daphne_Nongwang\ca\tengrui\ui_new_mail.c">
			<Option compilerVar="CC" />
		</Unit>
		<Unit filename="..\..\..\..\..\..\..\prj\dvbc\Daphne_Nongwang\ca\tengrui\ui_new_mail.h" />
		<Unit filename="..\..\..\..\..\..\..\prj\dvbc\Daphne_Nongwang\ca\tengrui\ui_provider_info.c">
			<Option compilerVar="CC" />
		</Unit>
		<Unit filename="..\..\..\..\..\..\..\prj\dvbc\Daphne_Nongwang\ca\tengrui\ui_provider_info.h" />
		<Unit filename="..\..\..\..\..\..\..\prj\dvbc\Daphne_Nongwang\customer\Demo\Daphne_Demo_tr\config_customer.h" />
		<Unit filename="..\..\..\..\..\..\..\prj\dvbc\Daphne_Nongwang\customer\Demo\Daphne_Demo_tr\config_customer_tr.c">
			<Option compilerVar="CC" />
		</Unit>
		<Unit filename="..\..\..\..\..\..\..\prj\dvbc\Daphne_Nongwang\database\db_dvbs.c">
			<Option compilerVar="CC" />
		</Unit>
		<Unit filename="..\..\..\..\..\..\..\prj\dvbc\Daphne_Nongwang\database\db_dvbs.h" />
		<Unit filename="..\..\..\..\..\..\..\prj\dvbc\Daphne_Nongwang\inc\sys_debug.c">
			<Option compilerVar="CC" />
		</Unit>
		<Unit filename="..\..\..\..\..\..\..\prj\dvbc\Daphne_Nongwang\kware\ext_trcas_src\inc\bmp_id.h" />
		<Unit filename="..\..\..\..\..\..\..\prj\dvbc\Daphne_Nongwang\kware\ext_trcas_src\inc\cas_adapter.h" />
		<Unit filename="..\..\..\..\..\..\..\prj\dvbc\Daphne_Nongwang\kware\ext_trcas_src\inc\cas_ware.h" />
		<Unit filename="..\..\..\..\..\..\..\prj\dvbc\Daphne_Nongwang\kware\ext_trcas_src\inc\font_id.h" />
		<Unit filename="..\..\..\..\..\..\..\prj\dvbc\Daphne_Nongwang\kware\ext_trcas_src\inc\language_id.h" />
		<Unit filename="..\..\..\..\..\..\..\prj\dvbc\Daphne_Nongwang\kware\ext_trcas_src\inc\str_id.h" />
		<Unit filename="..\..\..\..\..\..\..\prj\dvbc\Daphne_Nongwang\kware\ext_trcas_src\inc\toprealdef.h" />
		<Unit filename="..\..\..\..\..\..\..\prj\dvbc\Daphne_Nongwang\kware\ext_trcas_src\src\cas_adapter.c">
			<Option compilerVar="CC" />
		</Unit>
		<Unit filename="..\..\..\..\..\..\..\prj\dvbc\Daphne_Nongwang\kware\ext_trcas_src\src\topreal.c">
			<Option compilerVar="CC" />
		</Unit>
		<Unit filename="..\..\..\..\..\..\..\prj\dvbc\Daphne_Nongwang\kware\ext_trcas_src\src\tr_cas.c">
			<Option compilerVar="CC" />
		</Unit>
		<Unit filename="..\..\..\..\..\..\..\prj\dvbc\Daphne_Nongwang\main.c">
			<Option compilerVar="CC" />
		</Unit>
		<Unit filename="..\..\..\..\..\..\..\prj\dvbc\Daphne_Nongwang\memcfg\mem_cfg.c">
			<Option compilerVar="CC" />
		</Unit>
		<Unit filename="..\..\..\..\..\..\..\prj\dvbc\Daphne_Nongwang\memcfg\mem_cfg.h" />
		<Unit filename="..\..\..\..\..\..\..\prj\dvbc\Daphne_Nongwang\sysstatus\sys_data_staic.c">
			<Option compilerVar="CC" />
		</Unit>
		<Unit filename="..\..\..\..\..\..\..\prj\dvbc\Daphne_Nongwang\sysstatus\sys_status.c">
			<Option compilerVar="CC" />
		</Unit>
		<Unit filename="..\..\..\..\..\..\..\prj\dvbc\Daphne_Nongwang\sysstatus\sys_status.h" />
		<Unit filename="..\..\..\..\..\..\..\prj\dvbc\Daphne_Nongwang\ui\calendar_def.c">
			<Option compilerVar="CC" />
		</Unit>
		<Unit filename="..\..\..\..\..\..\..\prj\dvbc\Daphne_Nongwang\ui\calendar_def.h" />
		<Unit filename="..\..\..\..\..\..\..\prj\dvbc\Daphne_Nongwang\ui\game_othello.c">
			<Option compilerVar="CC" />
		</Unit>
		<Unit filename="..\..\..\..\..\..\..\prj\dvbc\Daphne_Nongwang\ui\game_othello.h" />
		<Unit filename="..\..\..\..\..\..\..\prj\dvbc\Daphne_Nongwang\ui\palette_id.h" />
		<Unit filename="..\..\..\..\..\..\..\prj\dvbc\Daphne_Nongwang\ui\ui_book_api.c">
			<Option compilerVar="CC" />
		</Unit>
		<Unit filename="..\..\..\..\..\..\..\prj\dvbc\Daphne_Nongwang\ui\ui_book_api.h" />
		<Unit filename="..\..\..\..\..\..\..\prj\dvbc\Daphne_Nongwang\ui\ui_browser.h" />
		<Unit filename="..\..\..\..\..\..\..\prj\dvbc\Daphne_Nongwang\ui\ui_browser_api.h" />
		<Unit filename="..\..\..\..\..\..\..\prj\dvbc\Daphne_Nongwang\ui\ui_ca_notify.h" />
		<Unit filename="..\..\..\..\..\..\..\prj\dvbc\Daphne_Nongwang\ui\ui_calendar_menu.c">
			<Option compilerVar="CC" />
		</Unit>
		<Unit filename="..\..\..\..\..\..\..\prj\dvbc\Daphne_Nongwang\ui\ui_calendar_menu.h" />
		<Unit filename="..\..\..\..\..\..\..\prj\dvbc\Daphne_Nongwang\ui\ui_channel_edit.c">
			<Option compilerVar="CC" />
		</Unit>
		<Unit filename="..\..\..\..\..\..\..\prj\dvbc\Daphne_Nongwang\ui\ui_channel_edit.h" />
		<Unit filename="..\..\..\..\..\..\..\prj\dvbc\Daphne_Nongwang\ui\ui_channel_numb.c">
			<Option compilerVar="CC" />
		</Unit>
		<Unit filename="..\..\..\..\..\..\..\prj\dvbc\Daphne_Nongwang\ui\ui_channel_numb.h" />
		<Unit filename="..\..\..\..\..\..\..\prj\dvbc\Daphne_Nongwang\ui\ui_channel_save.c">
			<Option compilerVar="CC" />
		</Unit>
		<Unit filename="..\..\..\..\..\..\..\prj\dvbc\Daphne_Nongwang\ui\ui_channel_save.h" />
		<Unit filename="..\..\..\..\..\..\..\prj\dvbc\Daphne_Nongwang\ui\ui_channel_warn.c">
			<Option compilerVar="CC" />
		</Unit>
		<Unit filename="..\..\..\..\..\..\..\prj\dvbc\Daphne_Nongwang\ui\ui_channel_warn.h" />
		<Unit filename="..\..\..\..\..\..\..\prj\dvbc\Daphne_Nongwang\ui\ui_comm_ctrl.c">
			<Option compilerVar="CC" />
		</Unit>
		<Unit filename="..\..\..\..\..\..\..\prj\dvbc\Daphne_Nongwang\ui\ui_comm_ctrl.h" />
		<Unit filename="..\..\..\..\..\..\..\prj\dvbc\Daphne_Nongwang\ui\ui_comm_dlg.c">
			<Option compilerVar="CC" />
		</Unit>
		<Unit filename="..\..\..\..\..\..\..\prj\dvbc\Daphne_Nongwang\ui\ui_comm_dlg.h" />
		<Unit filename="..\..\..\..\..\..\..\prj\dvbc\Daphne_Nongwang\ui\ui_comm_pwdlg.c">
			<Option compilerVar="CC" />
		</Unit>
		<Unit filename="..\..\..\..\..\..\..\prj\dvbc\Daphne_Nongwang\ui\ui_comm_pwdlg.h" />
		<Unit filename="..\..\..\..\..\..\..\prj\dvbc\Daphne_Nongwang\ui\ui_comm_root.c">
			<Option compilerVar="CC" />
		</Unit>
		<Unit filename="..\..\..\..\..\..\..\prj\dvbc\Daphne_Nongwang\ui\ui_comm_root.h" />
		<Unit filename="..\..\..\..\..\..\..\prj\dvbc\Daphne_Nongwang\ui\ui_common.h" />
		<Unit filename="..\..\..\..\..\..\..\prj\dvbc\Daphne_Nongwang\ui\ui_conditional_accept.h" />
		<Unit filename="..\..\..\..\..\..\..\prj\dvbc\Daphne_Nongwang\ui\ui_conditional_accept_update.c">
			<Option compilerVar="CC" />
		</Unit>
		<Unit filename="..\..\..\..\..\..\..\prj\dvbc\Daphne_Nongwang\ui\ui_conditional_accept_update.h" />
		<Unit filename="..\..\..\..\..\..\..\prj\dvbc\Daphne_Nongwang\ui\ui_conditional_entitle_expire.c">
			<Option compilerVar="CC" />
		</Unit>
		<Unit filename="..\..\..\..\..\..\..\prj\dvbc\Daphne_Nongwang\ui\ui_config.h" />
		<Unit filename="..\..\..\..\..\..\..\prj\dvbc\Daphne_Nongwang\ui\ui_dbase_api.c">
			<Option compilerVar="CC" />
		</Unit>
		<Unit filename="..\..\..\..\..\..\..\prj\dvbc\Daphne_Nongwang\ui\ui_dbase_api.h" />
		<Unit filename="..\..\..\..\..\..\..\prj\dvbc\Daphne_Nongwang\ui\ui_desktop.c">
			<Option compilerVar="CC" />
		</Unit>
		<Unit filename="..\..\..\..\..\..\..\prj\dvbc\Daphne_Nongwang\ui\ui_display.c">
			<Option compilerVar="CC" />
		</Unit>
		<Unit filename="..\..\..\..\..\..\..\prj\dvbc\Daphne_Nongwang\ui\ui_display.h" />
		<Unit filename="..\..\..\..\..\..\..\prj\dvbc\Daphne_Nongwang\ui\ui_do_search.c">
			<Option compilerVar="CC" />
		</Unit>
		<Unit filename="..\..\..\..\..\..\..\prj\dvbc\Daphne_Nongwang\ui\ui_do_search.h" />
		<Unit filename="..\..\..\..\..\..\..\prj\dvbc\Daphne_Nongwang\ui\ui_email_picture.c">
			<Option compilerVar="CC" />
		</Unit>
		<Unit filename="..\..\..\..\..\..\..\prj\dvbc\Daphne_Nongwang\ui\ui_epg.c">
			<Option compilerVar="CC" />
		</Unit>
		<Unit filename="..\..\..\..\..\..\..\prj\dvbc\Daphne_Nongwang\ui\ui_epg.h" />
		<Unit filename="..\..\..\..\..\..\..\prj\dvbc\Daphne_Nongwang\ui\ui_epg_api.c">
			<Option compilerVar="CC" />
		</Unit>
		<Unit filename="..\..\..\..\..\..\..\prj\dvbc\Daphne_Nongwang\ui\ui_epg_api.h" />
		<Unit filename="..\..\..\..\..\..\..\prj\dvbc\Daphne_Nongwang\ui\ui_epg_detail.c">
			<Option compilerVar="CC" />
		</Unit>
		<Unit filename="..\..\..\..\..\..\..\prj\dvbc\Daphne_Nongwang\ui\ui_epg_detail.h" />
		<Unit filename="..\..\..\..\..\..\..\prj\dvbc\Daphne_Nongwang\ui\ui_fav_list.c">
			<Option compilerVar="CC" />
		</Unit>
		<Unit filename="..\..\..\..\..\..\..\prj\dvbc\Daphne_Nongwang\ui\ui_fav_list.h" />
		<Unit filename="..\..\..\..\..\..\..\prj\dvbc\Daphne_Nongwang\ui\ui_fav_set.c">
			<Option compilerVar="CC" />
		</Unit>
		<Unit filename="..\..\..\..\..\..\..\prj\dvbc\Daphne_Nongwang\ui\ui_fav_set.h" />
		<Unit filename="..\..\..\..\..\..\..\prj\dvbc\Daphne_Nongwang\ui\ui_game_common.c">
			<Option compilerVar="CC" />
		</Unit>
		<Unit filename="..\..\..\..\..\..\..\prj\dvbc\Daphne_Nongwang\ui\ui_game_common.h" />
		<Unit filename="..\..\..\..\..\..\..\prj\dvbc\Daphne_Nongwang\ui\ui_game_inn.h" />
		<Unit filename="..\..\..\..\..\..\..\prj\dvbc\Daphne_Nongwang\ui\ui_gui_defines.c">
			<Option compilerVar="CC" />
		</Unit>
		<Unit filename="..\..\..\..\..\..\..\prj\dvbc\Daphne_Nongwang\ui\ui_gui_defines.h" />
		<Unit filename="..\..\..\..\..\..\..\prj\dvbc\Daphne_Nongwang\ui\ui_init.c">
			<Option compilerVar="CC" />
		</Unit>
		<Unit filename="..\..\..\..\..\..\..\prj\dvbc\Daphne_Nongwang\ui\ui_language_set.c">
			<Option compilerVar="CC" />
		</Unit>
		<Unit filename="..\..\..\..\..\..\..\prj\dvbc\Daphne_Nongwang\ui\ui_language_set.h" />
		<Unit filename="..\..\..\..\..\..\..\prj\dvbc\Daphne_Nongwang\ui\ui_mainmenu.c">
			<Option compilerVar="CC" />
		</Unit>
		<Unit filename="..\..\..\..\..\..\..\prj\dvbc\Daphne_Nongwang\ui\ui_mainmenu.h" />
		<Unit filename="..\..\..\..\..\..\..\prj\dvbc\Daphne_Nongwang\ui\ui_manual_search.c">
			<Option compilerVar="CC" />
		</Unit>
		<Unit filename="..\..\..\..\..\..\..\prj\dvbc\Daphne_Nongwang\ui\ui_manual_search.h" />
		<Unit filename="..\..\..\..\..\..\..\prj\dvbc\Daphne_Nongwang\ui\ui_manual_upgrade.c">
			<Option compilerVar="CC" />
		</Unit>
		<Unit filename="..\..\..\..\..\..\..\prj\dvbc\Daphne_Nongwang\ui\ui_manual_upgrade.h" />
		<Unit filename="..\..\..\..\..\..\..\prj\dvbc\Daphne_Nongwang\ui\ui_menu_manager.c">
			<Option compilerVar="CC" />
		</Unit>
		<Unit filename="..\..\..\..\..\..\..\prj\dvbc\Daphne_Nongwang\ui\ui_menu_manager.h" />
		<Unit filename="..\..\..\..\..\..\..\prj\dvbc\Daphne_Nongwang\ui\ui_mosaic.h" />
		<Unit filename="..\..\..\..\..\..\..\prj\dvbc\Daphne_Nongwang\ui\ui_mosaic_play.h" />
		<Unit filename="..\..\..\..\..\..\..\prj\dvbc\Daphne_Nongwang\ui\ui_mute.c">
			<Option compilerVar="CC" />
		</Unit>
		<Unit filename="..\..\..\..\..\..\..\prj\dvbc\Daphne_Nongwang\ui\ui_mute.h" />
		<Unit filename="..\..\..\..\..\..\..\prj\dvbc\Daphne_Nongwang\ui\ui_notify.c">
			<Option compilerVar="CC" />
		</Unit>
		<Unit filename="..\..\..\..\..\..\..\prj\dvbc\Daphne_Nongwang\ui\ui_notify.h" />
		<Unit filename="..\..\..\..\..\..\..\prj\dvbc\Daphne_Nongwang\ui\ui_num_play.c">
			<Option compilerVar="CC" />
		</Unit>
		<Unit filename="..\..\..\..\..\..\..\prj\dvbc\Daphne_Nongwang\ui\ui_num_play.h" />
		<Unit filename="..\..\..\..\..\..\..\prj\dvbc\Daphne_Nongwang\ui\ui_nvod.h" />
		<Unit filename="..\..\..\..\..\..\..\prj\dvbc\Daphne_Nongwang\ui\ui_nvod_api.h" />
		<Unit filename="..\..\..\..\..\..\..\prj\dvbc\Daphne_Nongwang\ui\ui_nvod_video.h" />
		<Unit filename="..\..\..\..\..\..\..\prj\dvbc\Daphne_Nongwang\ui\ui_nvod_volume.h" />
		<Unit filename="..\..\..\..\..\..\..\prj\dvbc\Daphne_Nongwang\ui\ui_ota.h" />
		<Unit filename="..\..\..\..\..\..\..\prj\dvbc\Daphne_Nongwang\ui\ui_ota_api.c">
			<Option compilerVar="CC" />
		</Unit>
		<Unit filename="..\..\..\..\..\..\..\prj\dvbc\Daphne_Nongwang\ui\ui_ota_api.h" />
		<Unit filename="..\..\..\..\..\..\..\prj\dvbc\Daphne_Nongwang\ui\ui_ota_search.c">
			<Option compilerVar="CC" />
		</Unit>
		<Unit filename="..\..\..\..\..\..\..\prj\dvbc\Daphne_Nongwang\ui\ui_ota_search.h" />
		<Unit filename="..\..\..\..\..\..\..\prj\dvbc\Daphne_Nongwang\ui\ui_password_modify.c">
			<Option compilerVar="CC" />
		</Unit>
		<Unit filename="..\..\..\..\..\..\..\prj\dvbc\Daphne_Nongwang\ui\ui_password_modify.h" />
		<Unit filename="..\..\..\..\..\..\..\prj\dvbc\Daphne_Nongwang\ui\ui_pause.c">
			<Option compilerVar="CC" />
		</Unit>
		<Unit filename="..\..\..\..\..\..\..\prj\dvbc\Daphne_Nongwang\ui\ui_pause.h" />
		<Unit filename="..\..\..\..\..\..\..\prj\dvbc\Daphne_Nongwang\ui\ui_play_api.c">
			<Option compilerVar="CC" />
		</Unit>
		<Unit filename="..\..\..\..\..\..\..\prj\dvbc\Daphne_Nongwang\ui\ui_play_api.h" />
		<Unit filename="..\..\..\..\..\..\..\prj\dvbc\Daphne_Nongwang\ui\ui_prebook_manage.c">
			<Option compilerVar="CC" />
		</Unit>
		<Unit filename="..\..\..\..\..\..\..\prj\dvbc\Daphne_Nongwang\ui\ui_prebook_manage.h" />
		<Unit filename="..\..\..\..\..\..\..\prj\dvbc\Daphne_Nongwang\ui\ui_pro_classify.c">
			<Option compilerVar="CC" />
		</Unit>
		<Unit filename="..\..\..\..\..\..\..\prj\dvbc\Daphne_Nongwang\ui\ui_pro_classify.h" />
		<Unit filename="..\..\..\..\..\..\..\prj\dvbc\Daphne_Nongwang\ui\ui_pro_info.c">
			<Option compilerVar="CC" />
		</Unit>
		<Unit filename="..\..\..\..\..\..\..\prj\dvbc\Daphne_Nongwang\ui\ui_pro_info.h" />
		<Unit filename="..\..\..\..\..\..\..\prj\dvbc\Daphne_Nongwang\ui\ui_prog_bar.c">
			<Option compilerVar="CC" />
		</Unit>
		<Unit filename="..\..\..\..\..\..\..\prj\dvbc\Daphne_Nongwang\ui\ui_prog_bar.h" />
		<Unit filename="..\..\..\..\..\..\..\prj\dvbc\Daphne_Nongwang\ui\ui_prog_list.c">
			<Option compilerVar="CC" />
		</Unit>
		<Unit filename="..\..\..\..\..\..\..\prj\dvbc\Daphne_Nongwang\ui\ui_prog_list.h" />
		<Unit filename="..\..\..\..\..\..\..\prj\dvbc\Daphne_Nongwang\ui\ui_restore_factory.c">
			<Option compilerVar="CC" />
		</Unit>
		<Unit filename="..\..\..\..\..\..\..\prj\dvbc\Daphne_Nongwang\ui\ui_restore_factory.h" />
		<Unit filename="..\..\..\..\..\..\..\prj\dvbc\Daphne_Nongwang\ui\ui_scan_api.c">
			<Option compilerVar="CC" />
		</Unit>
		<Unit filename="..\..\..\..\..\..\..\prj\dvbc\Daphne_Nongwang\ui\ui_scan_api.h" />
		<Unit filename="..\..\..\..\..\..\..\prj\dvbc\Daphne_Nongwang\ui\ui_select.c">
			<Option compilerVar="CC" />
		</Unit>
		<Unit filename="..\..\..\..\..\..\..\prj\dvbc\Daphne_Nongwang\ui\ui_select.h" />
		<Unit filename="..\..\..\..\..\..\..\prj\dvbc\Daphne_Nongwang\ui\ui_senior_sub_menu.c">
			<Option compilerVar="CC" />
		</Unit>
		<Unit filename="..\..\..\..\..\..\..\prj\dvbc\Daphne_Nongwang\ui\ui_senior_sub_menu.h" />
		<Unit filename="..\..\..\..\..\..\..\prj\dvbc\Daphne_Nongwang\ui\ui_signal.c">
			<Option compilerVar="CC" />
		</Unit>
		<Unit filename="..\..\..\..\..\..\..\prj\dvbc\Daphne_Nongwang\ui\ui_signal.h" />
		<Unit filename="..\..\..\..\..\..\..\prj\dvbc\Daphne_Nongwang\ui\ui_signal_api.c">
			<Option compilerVar="CC" />
		</Unit>
		<Unit filename="..\..\..\..\..\..\..\prj\dvbc\Daphne_Nongwang\ui\ui_signal_api.h" />
		<Unit filename="..\..\..\..\..\..\..\prj\dvbc\Daphne_Nongwang\ui\ui_signal_check.c">
			<Option compilerVar="CC" />
		</Unit>
		<Unit filename="..\..\..\..\..\..\..\prj\dvbc\Daphne_Nongwang\ui\ui_signal_check.h" />
		<Unit filename="..\..\..\..\..\..\..\prj\dvbc\Daphne_Nongwang\ui\ui_sub_menu.c">
			<Option compilerVar="CC" />
		</Unit>
		<Unit filename="..\..\..\..\..\..\..\prj\dvbc\Daphne_Nongwang\ui\ui_sub_menu.h" />
		<Unit filename="..\..\..\..\..\..\..\prj\dvbc\Daphne_Nongwang\ui\ui_sys_info.c">
			<Option compilerVar="CC" />
		</Unit>
		<Unit filename="..\..\..\..\..\..\..\prj\dvbc\Daphne_Nongwang\ui\ui_sys_info.h" />
		<Unit filename="..\..\..\..\..\..\..\prj\dvbc\Daphne_Nongwang\ui\ui_systatus_api.c">
			<Option compilerVar="CC" />
		</Unit>
		<Unit filename="..\..\..\..\..\..\..\prj\dvbc\Daphne_Nongwang\ui\ui_systatus_api.h" />
		<Unit filename="..\..\..\..\..\..\..\prj\dvbc\Daphne_Nongwang\ui\ui_time_api.c">
			<Option compilerVar="CC" />
		</Unit>
		<Unit filename="..\..\..\..\..\..\..\prj\dvbc\Daphne_Nongwang\ui\ui_time_api.h" />
		<Unit filename="..\..\..\..\..\..\..\prj\dvbc\Daphne_Nongwang\ui\ui_tp_set.c">
			<Option compilerVar="CC" />
		</Unit>
		<Unit filename="..\..\..\..\..\..\..\prj\dvbc\Daphne_Nongwang\ui\ui_tp_set.h" />
		<Unit filename="..\..\..\..\..\..\..\prj\dvbc\Daphne_Nongwang\ui\ui_track_set.c">
			<Option compilerVar="CC" />
		</Unit>
		<Unit filename="..\..\..\..\..\..\..\prj\dvbc\Daphne_Nongwang\ui\ui_track_set.h" />
		<Unit filename="..\..\..\..\..\..\..\prj\dvbc\Daphne_Nongwang\ui\ui_upgrade_api.c">
			<Option compilerVar="CC" />
		</Unit>
		<Unit filename="..\..\..\..\..\..\..\prj\dvbc\Daphne_Nongwang\ui\ui_upgrade_api.h" />
		<Unit filename="..\..\..\..\..\..\..\prj\dvbc\Daphne_Nongwang\ui\ui_util_api.c">
			<Option compilerVar="CC" />
		</Unit>
		<Unit filename="..\..\..\..\..\..\..\prj\dvbc\Daphne_Nongwang\ui\ui_util_api.h" />
		<Unit filename="..\..\..\..\..\..\..\prj\dvbc\Daphne_Nongwang\ui\ui_volume.c">
			<Option compilerVar="CC" />
		</Unit>
		<Unit filename="..\..\..\..\..\..\..\prj\dvbc\Daphne_Nongwang\ui\ui_volume.h" />
		<Unit filename="..\..\..\..\..\..\..\prj\dvbc\Daphne_Nongwang\ui\z_lxd.h" />
		<Extensions>
			<code_completion />
			<envvars />
			<debugger />
			<lib_finder disable_auto="1" />
		</Extensions>
	</Project>
</CodeBlocks_project_file>
